Microsoft Visual Studio Solution File, Format Version 11.00
# Visual Studio 2008

Project("{8A573587-9D88-475D-864B-F80C56A77587}") = "SurvivalCraft", "Assembly-CSharp-firstpass.csproj", "{0316DB85-39B1-F319-D8A4-4492DA3CB03B}"
EndProject
Project("{8A573587-9D88-475D-864B-F80C56A77587}") = "SurvivalCraft", "Assembly-CSharp.csproj", "{D49C58CB-21C3-5922-445A-A56A5823300F}"
EndProject
Project("{8A573587-9D88-475D-864B-F80C56A77587}") = "SurvivalCraft", "Assembly-CSharp-Editor.csproj", "{DEDCA11F-5F8A-B461-B29D-7F678F47EE13}"
EndProject
Global
	GlobalSection(SolutionConfigurationPlatforms) = preSolution
		Debug|Any CPU = Debug|Any CPU
		Release|Any CPU = Release|Any CPU
	EndGlobalSection
	GlobalSection(ProjectConfigurationPlatforms) = postSolution
		{0316DB85-39B1-F319-D8A4-4492DA3CB03B}.Debug|Any CPU.ActiveCfg = Debug|Any CPU
		{0316DB85-39B1-F319-D8A4-4492DA3CB03B}.Debug|Any CPU.Build.0 = Debug|Any CPU
		{0316DB85-39B1-F319-D8A4-4492DA3CB03B}.Release|Any CPU.ActiveCfg = Release|Any CPU
		{0316DB85-39B1-F319-D8A4-4492DA3CB03B}.Release|Any CPU.Build.0 = Release|Any CPU
		{D49C58CB-21C3-5922-445A-A56A5823300F}.Debug|Any CPU.ActiveCfg = Debug|Any CPU
		{D49C58CB-21C3-5922-445A-A56A5823300F}.Debug|Any CPU.Build.0 = Debug|Any CPU
		{D49C58CB-21C3-5922-445A-A56A5823300F}.Release|Any CPU.ActiveCfg = Release|Any CPU
		{D49C58CB-21C3-5922-445A-A56A5823300F}.Release|Any CPU.Build.0 = Release|Any CPU
		{DEDCA11F-5F8A-B461-B29D-7F678F47EE13}.Debug|Any CPU.ActiveCfg = Debug|Any CPU
		{DEDCA11F-5F8A-B461-B29D-7F678F47EE13}.Debug|Any CPU.Build.0 = Debug|Any CPU
		{DEDCA11F-5F8A-B461-B29D-7F678F47EE13}.Release|Any CPU.ActiveCfg = Release|Any CPU
		{DEDCA11F-5F8A-B461-B29D-7F678F47EE13}.Release|Any CPU.Build.0 = Release|Any CPU
	EndGlobalSection
	GlobalSection(SolutionProperties) = preSolution
		HideSolutionNode = FALSE
	EndGlobalSection
	GlobalSection(MonoDevelopProperties) = preSolution
		StartupItem = Assembly-CSharp.csproj
	EndGlobalSection
EndGlobal
